
Microsoft Visual Studio Solution File, Format Version 12.00
# Visual Studio Version 17
VisualStudioVersion = 17.4.33110.190
MinimumVisualStudioVersion = 10.0.40219.1
Project("{FAE04EC0-301F-11D3-BF4B-00C04F79EFBC}") = "KursPogud", "KursPogud\KursPogud.csproj", "{76101158-B753-4A2D-B3BF-A7990E260FBC}"
EndProject
Global
	GlobalSection(SolutionConfigurationPlatforms) = preSolution
		Debug|Any CPU = Debug|Any CPU
		Release|Any CPU = Release|Any CPU
	EndGlobalSection
	GlobalSection(ProjectConfigurationPlatforms) = postSolution
		{76101158-B753-4A2D-B3BF-A7990E260FBC}.Debug|Any CPU.ActiveCfg = Debug|Any CPU
		{76101158-B753-4A2D-B3BF-A7990E260FBC}.Debug|Any CPU.Build.0 = Debug|Any CPU
		{76101158-B753-4A2D-B3BF-A7990E260FBC}.Release|Any CPU.ActiveCfg = Release|Any CPU
		{76101158-B753-4A2D-B3BF-A7990E260FBC}.Release|Any CPU.Build.0 = Release|Any CPU
	EndGlobalSection
	GlobalSection(SolutionProperties) = preSolution
		HideSolutionNode = FALSE
	EndGlobalSection
	GlobalSection(ExtensibilityGlobals) = postSolution
		SolutionGuid = {31621CA0-B8E0-41FD-9AF0-6455B6D1EA32}
	EndGlobalSection
EndGlobal
